
Microsoft Visual Studio Solution File, Format Version 12.00
# Visual Studio Version 16
VisualStudioVersion = 16.0.32126.315
MinimumVisualStudioVersion = 10.0.40219.1
Project("{FAE04EC0-301F-11D3-BF4B-00C04F79EFBC}") = "IEApneaApp.API", "IEApneaApp.API\IEApneaApp.API.csproj", "{6507456F-EFD9-4FBD-AA54-DB8428BE43B5}"
EndProject
Global
	GlobalSection(SolutionConfigurationPlatforms) = preSolution
		Debug|Any CPU = Debug|Any CPU
		Release|Any CPU = Release|Any CPU
	EndGlobalSection
	GlobalSection(ProjectConfigurationPlatforms) = postSolution
		{6507456F-EFD9-4FBD-AA54-DB8428BE43B5}.Debug|Any CPU.ActiveCfg = Debug|Any CPU
		{6507456F-EFD9-4FBD-AA54-DB8428BE43B5}.Debug|Any CPU.Build.0 = Debug|Any CPU
		{6507456F-EFD9-4FBD-AA54-DB8428BE43B5}.Release|Any CPU.ActiveCfg = Release|Any CPU
		{6507456F-EFD9-4FBD-AA54-DB8428BE43B5}.Release|Any CPU.Build.0 = Release|Any CPU
	EndGlobalSection
	GlobalSection(SolutionProperties) = preSolution
		HideSolutionNode = FALSE
	EndGlobalSection
	GlobalSection(ExtensibilityGlobals) = postSolution
		SolutionGuid = {C767F2C0-8B46-43DD-94C3-99C684182DB9}
	EndGlobalSection
EndGlobal
