
Microsoft Visual Studio Solution File, Format Version 12.00
# Visual Studio Version 16
VisualStudioVersion = 16.0.32126.315
MinimumVisualStudioVersion = 10.0.40219.1
Project("{FAE04EC0-301F-11D3-BF4B-00C04F79EFBC}") = "IEApneaApp.API", "IEApneaApp.API\IEApneaApp.API.csproj", "{6507456F-EFD9-4FBD-AA54-DB8428BE43B5}"
EndProject
Project("{2150E333-8FDC-42A3-9474-1A3956D46DE8}") = "1- Layers", "1- Layers", "{A6B8C74A-0FDE-4D1A-AFE0-572291A0DCA7}"
EndProject
Project("{2150E333-8FDC-42A3-9474-1A3956D46DE8}") = "1.1 Distributed Services", "1.1 Distributed Services", "{7691CDD3-E95A-4AC3-ABA6-FA575A953125}"
EndProject
Project("{2150E333-8FDC-42A3-9474-1A3956D46DE8}") = "1.2 Application", "1.2 Application", "{2F11B6A2-213B-4899-9BBD-C82A3E52A487}"
EndProject
Project("{FAE04EC0-301F-11D3-BF4B-00C04F79EFBC}") = "IEApneaApp.API.Application", "IEApneaApp.API.Application\IEApneaApp.API.Application.csproj", "{A6EC1CBA-4FCD-4BAE-89EC-2B24A6276F0B}"
EndProject
Project("{FAE04EC0-301F-11D3-BF4B-00C04F79EFBC}") = "IEApneaApp.API.Application.Contracts", "IEApneaApp.API.Application.Contracts\IEApneaApp.API.Application.Contracts.csproj", "{378D3C73-11D3-46FE-95D6-C8DA6EECBA78}"
EndProject
Project("{FAE04EC0-301F-11D3-BF4B-00C04F79EFBC}") = "IEApneaApp.API.Application.Tests", "IEApneaApp.API.Application.Tests\IEApneaApp.API.Application.Tests.csproj", "{B4687939-D3EA-42BA-9E96-EDE227F05E85}"
EndProject
Project("{2150E333-8FDC-42A3-9474-1A3956D46DE8}") = "1.3 Business", "1.3 Business", "{BE3C9CDB-C08B-4F74-8589-B9936FC3B811}"
EndProject
Project("{FAE04EC0-301F-11D3-BF4B-00C04F79EFBC}") = "IEApneaApp.API.Business", "IEApneaApp.API.Business\IEApneaApp.API.Business.csproj", "{6934A510-5FA1-4686-A322-26FE6D4081CF}"
EndProject
Project("{2150E333-8FDC-42A3-9474-1A3956D46DE8}") = "1.4 DataAccess", "1.4 DataAccess", "{6ADF95FD-8C95-4E67-A8E5-DA0F40E6E59B}"
EndProject
Project("{FAE04EC0-301F-11D3-BF4B-00C04F79EFBC}") = "IEApneaApp.API.DataAccesss", "IEApneaApp.API.DataAccesss\IEApneaApp.API.DataAccesss.csproj", "{5354C1D8-07F5-4FD2-B6EE-E0A357A34EE9}"
EndProject
Project("{FAE04EC0-301F-11D3-BF4B-00C04F79EFBC}") = "IEApneaApp.API.DataAccess.Contracts", "IEApneaApp.API.DataAccess.Contracts\IEApneaApp.API.DataAccess.Contracts.csproj", "{825F066D-0D53-4FF1-A7F8-B5821702932E}"
EndProject
Project("{2150E333-8FDC-42A3-9474-1A3956D46DE8}") = "1.5 Cross-Cutting", "1.5 Cross-Cutting", "{5513E773-5885-4A4B-AE5A-437D4DB68019}"
EndProject
Project("{FAE04EC0-301F-11D3-BF4B-00C04F79EFBC}") = "IEApneaApp.API.CrossCutting", "IEApneaApp.API.CrossCutting\IEApneaApp.API.CrossCutting.csproj", "{4EF0F8ED-E957-4E60-AA9A-7A7F2A69AA86}"
EndProject
Global
	GlobalSection(SolutionConfigurationPlatforms) = preSolution
		Debug|Any CPU = Debug|Any CPU
		Release|Any CPU = Release|Any CPU
	EndGlobalSection
	GlobalSection(ProjectConfigurationPlatforms) = postSolution
		{6507456F-EFD9-4FBD-AA54-DB8428BE43B5}.Debug|Any CPU.ActiveCfg = Debug|Any CPU
		{6507456F-EFD9-4FBD-AA54-DB8428BE43B5}.Debug|Any CPU.Build.0 = Debug|Any CPU
		{6507456F-EFD9-4FBD-AA54-DB8428BE43B5}.Release|Any CPU.ActiveCfg = Release|Any CPU
		{6507456F-EFD9-4FBD-AA54-DB8428BE43B5}.Release|Any CPU.Build.0 = Release|Any CPU
		{A6EC1CBA-4FCD-4BAE-89EC-2B24A6276F0B}.Debug|Any CPU.ActiveCfg = Debug|Any CPU
		{A6EC1CBA-4FCD-4BAE-89EC-2B24A6276F0B}.Debug|Any CPU.Build.0 = Debug|Any CPU
		{A6EC1CBA-4FCD-4BAE-89EC-2B24A6276F0B}.Release|Any CPU.ActiveCfg = Release|Any CPU
		{A6EC1CBA-4FCD-4BAE-89EC-2B24A6276F0B}.Release|Any CPU.Build.0 = Release|Any CPU
		{378D3C73-11D3-46FE-95D6-C8DA6EECBA78}.Debug|Any CPU.ActiveCfg = Debug|Any CPU
		{378D3C73-11D3-46FE-95D6-C8DA6EECBA78}.Debug|Any CPU.Build.0 = Debug|Any CPU
		{378D3C73-11D3-46FE-95D6-C8DA6EECBA78}.Release|Any CPU.ActiveCfg = Release|Any CPU
		{378D3C73-11D3-46FE-95D6-C8DA6EECBA78}.Release|Any CPU.Build.0 = Release|Any CPU
		{B4687939-D3EA-42BA-9E96-EDE227F05E85}.Debug|Any CPU.ActiveCfg = Debug|Any CPU
		{B4687939-D3EA-42BA-9E96-EDE227F05E85}.Debug|Any CPU.Build.0 = Debug|Any CPU
		{B4687939-D3EA-42BA-9E96-EDE227F05E85}.Release|Any CPU.ActiveCfg = Release|Any CPU
		{B4687939-D3EA-42BA-9E96-EDE227F05E85}.Release|Any CPU.Build.0 = Release|Any CPU
		{6934A510-5FA1-4686-A322-26FE6D4081CF}.Debug|Any CPU.ActiveCfg = Debug|Any CPU
		{6934A510-5FA1-4686-A322-26FE6D4081CF}.Debug|Any CPU.Build.0 = Debug|Any CPU
		{6934A510-5FA1-4686-A322-26FE6D4081CF}.Release|Any CPU.ActiveCfg = Release|Any CPU
		{6934A510-5FA1-4686-A322-26FE6D4081CF}.Release|Any CPU.Build.0 = Release|Any CPU
		{5354C1D8-07F5-4FD2-B6EE-E0A357A34EE9}.Debug|Any CPU.ActiveCfg = Debug|Any CPU
		{5354C1D8-07F5-4FD2-B6EE-E0A357A34EE9}.Debug|Any CPU.Build.0 = Debug|Any CPU
		{5354C1D8-07F5-4FD2-B6EE-E0A357A34EE9}.Release|Any CPU.ActiveCfg = Release|Any CPU
		{5354C1D8-07F5-4FD2-B6EE-E0A357A34EE9}.Release|Any CPU.Build.0 = Release|Any CPU
		{825F066D-0D53-4FF1-A7F8-B5821702932E}.Debug|Any CPU.ActiveCfg = Debug|Any CPU
		{825F066D-0D53-4FF1-A7F8-B5821702932E}.Debug|Any CPU.Build.0 = Debug|Any CPU
		{825F066D-0D53-4FF1-A7F8-B5821702932E}.Release|Any CPU.ActiveCfg = Release|Any CPU
		{825F066D-0D53-4FF1-A7F8-B5821702932E}.Release|Any CPU.Build.0 = Release|Any CPU
		{4EF0F8ED-E957-4E60-AA9A-7A7F2A69AA86}.Debug|Any CPU.ActiveCfg = Debug|Any CPU
		{4EF0F8ED-E957-4E60-AA9A-7A7F2A69AA86}.Debug|Any CPU.Build.0 = Debug|Any CPU
		{4EF0F8ED-E957-4E60-AA9A-7A7F2A69AA86}.Release|Any CPU.ActiveCfg = Release|Any CPU
		{4EF0F8ED-E957-4E60-AA9A-7A7F2A69AA86}.Release|Any CPU.Build.0 = Release|Any CPU
	EndGlobalSection
	GlobalSection(SolutionProperties) = preSolution
		HideSolutionNode = FALSE
	EndGlobalSection
	GlobalSection(NestedProjects) = preSolution
		{6507456F-EFD9-4FBD-AA54-DB8428BE43B5} = {7691CDD3-E95A-4AC3-ABA6-FA575A953125}
		{7691CDD3-E95A-4AC3-ABA6-FA575A953125} = {A6B8C74A-0FDE-4D1A-AFE0-572291A0DCA7}
		{2F11B6A2-213B-4899-9BBD-C82A3E52A487} = {A6B8C74A-0FDE-4D1A-AFE0-572291A0DCA7}
		{A6EC1CBA-4FCD-4BAE-89EC-2B24A6276F0B} = {2F11B6A2-213B-4899-9BBD-C82A3E52A487}
		{378D3C73-11D3-46FE-95D6-C8DA6EECBA78} = {2F11B6A2-213B-4899-9BBD-C82A3E52A487}
		{B4687939-D3EA-42BA-9E96-EDE227F05E85} = {2F11B6A2-213B-4899-9BBD-C82A3E52A487}
		{BE3C9CDB-C08B-4F74-8589-B9936FC3B811} = {A6B8C74A-0FDE-4D1A-AFE0-572291A0DCA7}
		{6934A510-5FA1-4686-A322-26FE6D4081CF} = {BE3C9CDB-C08B-4F74-8589-B9936FC3B811}
		{6ADF95FD-8C95-4E67-A8E5-DA0F40E6E59B} = {A6B8C74A-0FDE-4D1A-AFE0-572291A0DCA7}
		{5354C1D8-07F5-4FD2-B6EE-E0A357A34EE9} = {6ADF95FD-8C95-4E67-A8E5-DA0F40E6E59B}
		{825F066D-0D53-4FF1-A7F8-B5821702932E} = {6ADF95FD-8C95-4E67-A8E5-DA0F40E6E59B}
		{5513E773-5885-4A4B-AE5A-437D4DB68019} = {A6B8C74A-0FDE-4D1A-AFE0-572291A0DCA7}
		{4EF0F8ED-E957-4E60-AA9A-7A7F2A69AA86} = {5513E773-5885-4A4B-AE5A-437D4DB68019}
	EndGlobalSection
	GlobalSection(ExtensibilityGlobals) = postSolution
		SolutionGuid = {C767F2C0-8B46-43DD-94C3-99C684182DB9}
	EndGlobalSection
EndGlobal
